
Microsoft Visual Studio Solution File, Format Version 12.00
# Visual Studio Version 17
VisualStudioVersion = 17.8.34511.84
MinimumVisualStudioVersion = 10.0.40219.1
Project("{FAE04EC0-301F-11D3-BF4B-00C04F79EFBC}") = "NIA.OnlineApp.Data", "NIA.OnlineApp.Data\NIA.OnlineApp.Data.csproj", "{F7E40EA4-5F90-405C-9982-6E6AF7E5B1D3}"
EndProject
Project("{FAE04EC0-301F-11D3-BF4B-00C04F79EFBC}") = "NIA.OnlineApp.InteractiveAPI", "NIA.OnlineApp.InteractiveAPI\NIA.OnlineApp.InteractiveAPI.csproj", "{96735A6D-2BC5-4EC1-A6F5-62E351734BB4}"
EndProject
Project("{FAE04EC0-301F-11D3-BF4B-00C04F79EFBC}") = "NIA.OnlineApp.BusinessAPI", "NIA.OnlineApp.BusinessAPI\NIA.OnlineApp.BusinessAPI.csproj", "{A0A9CD5C-F573-4B18-BA61-CB2079B05978}"
EndProject
Global
	GlobalSection(SolutionConfigurationPlatforms) = preSolution
		Debug|Any CPU = Debug|Any CPU
		Release|Any CPU = Release|Any CPU
	EndGlobalSection
	GlobalSection(ProjectConfigurationPlatforms) = postSolution
		{F7E40EA4-5F90-405C-9982-6E6AF7E5B1D3}.Debug|Any CPU.ActiveCfg = Debug|Any CPU
		{F7E40EA4-5F90-405C-9982-6E6AF7E5B1D3}.Debug|Any CPU.Build.0 = Debug|Any CPU
		{F7E40EA4-5F90-405C-9982-6E6AF7E5B1D3}.Release|Any CPU.ActiveCfg = Release|Any CPU
		{F7E40EA4-5F90-405C-9982-6E6AF7E5B1D3}.Release|Any CPU.Build.0 = Release|Any CPU
		{96735A6D-2BC5-4EC1-A6F5-62E351734BB4}.Debug|Any CPU.ActiveCfg = Debug|Any CPU
		{96735A6D-2BC5-4EC1-A6F5-62E351734BB4}.Debug|Any CPU.Build.0 = Debug|Any CPU
		{96735A6D-2BC5-4EC1-A6F5-62E351734BB4}.Release|Any CPU.ActiveCfg = Release|Any CPU
		{96735A6D-2BC5-4EC1-A6F5-62E351734BB4}.Release|Any CPU.Build.0 = Release|Any CPU
		{A0A9CD5C-F573-4B18-BA61-CB2079B05978}.Debug|Any CPU.ActiveCfg = Debug|Any CPU
		{A0A9CD5C-F573-4B18-BA61-CB2079B05978}.Debug|Any CPU.Build.0 = Debug|Any CPU
		{A0A9CD5C-F573-4B18-BA61-CB2079B05978}.Release|Any CPU.ActiveCfg = Release|Any CPU
		{A0A9CD5C-F573-4B18-BA61-CB2079B05978}.Release|Any CPU.Build.0 = Release|Any CPU
	EndGlobalSection
	GlobalSection(SolutionProperties) = preSolution
		HideSolutionNode = FALSE
	EndGlobalSection
	GlobalSection(ExtensibilityGlobals) = postSolution
		SolutionGuid = {F4E0945B-0030-46A4-83E0-34516902A04C}
	EndGlobalSection
EndGlobal
